
Microsoft Visual Studio Solution File, Format Version 12.00
# Visual Studio Version 17
VisualStudioVersion = 17.8.34309.116
MinimumVisualStudioVersion = 10.0.40219.1
Project("{2150E333-8FDC-42A3-9474-1A3956D46DE8}") = "Libs", "Libs", "{E96BD943-3B17-4729-9C14-933CE0B67BC8}"
EndProject
Project("{9A19103F-16F7-4668-BE54-9A1E7A4F7556}") = "LinqVec", "Libs\LinqVec\LinqVec.csproj", "{B803C719-4078-4EC4-9F30-15ADF3B9252E}"
EndProject
Project("{2150E333-8FDC-42A3-9474-1A3956D46DE8}") = "Demos", "Demos", "{D926964D-5728-4D0C-AA2A-765DD734E2D5}"
EndProject
Project("{9A19103F-16F7-4668-BE54-9A1E7A4F7556}") = "LinqVecDemo", "Demos\LinqVecDemo\LinqVecDemo.csproj", "{38BCCF18-984E-41B1-855A-FB2A189D4E1F}"
EndProject
Project("{2150E333-8FDC-42A3-9474-1A3956D46DE8}") = "LibsEditors", "LibsEditors", "{BF2B1ACE-5EC9-44DB-BBCD-0F4E5423E0DA}"
EndProject
Project("{9A19103F-16F7-4668-BE54-9A1E7A4F7556}") = "PhysicsEditor", "LibsEditors\PhysicsEditor\PhysicsEditor.csproj", "{CE619D91-8726-48A4-AE7A-6E300691556D}"
EndProject
Project("{9A19103F-16F7-4668-BE54-9A1E7A4F7556}") = "VectorEditor", "LibsEditors\VectorEditor\VectorEditor.csproj", "{85ED08A9-BACF-4826-B6D4-1FDBFCDB9279}"
EndProject
Project("{2150E333-8FDC-42A3-9474-1A3956D46DE8}") = "LibsBase", "LibsBase", "{7C483943-C024-4D72-AE1E-5AFDADC92682}"
EndProject
Project("{9A19103F-16F7-4668-BE54-9A1E7A4F7556}") = "UILib", "LibsBase\UILib\UILib.csproj", "{6F547D0E-5D42-4AAC-97EB-F4E0FBE4E207}"
EndProject
Project("{9A19103F-16F7-4668-BE54-9A1E7A4F7556}") = "WinAPI", "LibsBase\WinAPI\WinAPI.csproj", "{DBFD1416-3FBA-4E1F-BD59-8EE56DFFDC27}"
EndProject
Project("{9A19103F-16F7-4668-BE54-9A1E7A4F7556}") = "Geom", "LibsBase\Geom\Geom.csproj", "{2C967EB7-82EB-4DBF-95CC-CEF97E339144}"
EndProject
Project("{FAE04EC0-301F-11D3-BF4B-00C04F79EFBC}") = "SmartReactives", "LibsBase\SmartReactives\SmartReactives.csproj", "{7DEDF1B1-2932-4023-BD57-4D2E884EEE72}"
EndProject
Global
	GlobalSection(SolutionConfigurationPlatforms) = preSolution
		Debug|Any CPU = Debug|Any CPU
		Release|Any CPU = Release|Any CPU
	EndGlobalSection
	GlobalSection(ProjectConfigurationPlatforms) = postSolution
		{B803C719-4078-4EC4-9F30-15ADF3B9252E}.Debug|Any CPU.ActiveCfg = Debug|Any CPU
		{B803C719-4078-4EC4-9F30-15ADF3B9252E}.Debug|Any CPU.Build.0 = Debug|Any CPU
		{B803C719-4078-4EC4-9F30-15ADF3B9252E}.Release|Any CPU.ActiveCfg = Release|Any CPU
		{B803C719-4078-4EC4-9F30-15ADF3B9252E}.Release|Any CPU.Build.0 = Release|Any CPU
		{38BCCF18-984E-41B1-855A-FB2A189D4E1F}.Debug|Any CPU.ActiveCfg = Debug|Any CPU
		{38BCCF18-984E-41B1-855A-FB2A189D4E1F}.Debug|Any CPU.Build.0 = Debug|Any CPU
		{38BCCF18-984E-41B1-855A-FB2A189D4E1F}.Release|Any CPU.ActiveCfg = Release|Any CPU
		{38BCCF18-984E-41B1-855A-FB2A189D4E1F}.Release|Any CPU.Build.0 = Release|Any CPU
		{CE619D91-8726-48A4-AE7A-6E300691556D}.Debug|Any CPU.ActiveCfg = Debug|Any CPU
		{CE619D91-8726-48A4-AE7A-6E300691556D}.Debug|Any CPU.Build.0 = Debug|Any CPU
		{CE619D91-8726-48A4-AE7A-6E300691556D}.Release|Any CPU.ActiveCfg = Release|Any CPU
		{CE619D91-8726-48A4-AE7A-6E300691556D}.Release|Any CPU.Build.0 = Release|Any CPU
		{85ED08A9-BACF-4826-B6D4-1FDBFCDB9279}.Debug|Any CPU.ActiveCfg = Debug|Any CPU
		{85ED08A9-BACF-4826-B6D4-1FDBFCDB9279}.Debug|Any CPU.Build.0 = Debug|Any CPU
		{85ED08A9-BACF-4826-B6D4-1FDBFCDB9279}.Release|Any CPU.ActiveCfg = Release|Any CPU
		{85ED08A9-BACF-4826-B6D4-1FDBFCDB9279}.Release|Any CPU.Build.0 = Release|Any CPU
		{6F547D0E-5D42-4AAC-97EB-F4E0FBE4E207}.Debug|Any CPU.ActiveCfg = Debug|Any CPU
		{6F547D0E-5D42-4AAC-97EB-F4E0FBE4E207}.Debug|Any CPU.Build.0 = Debug|Any CPU
		{6F547D0E-5D42-4AAC-97EB-F4E0FBE4E207}.Release|Any CPU.ActiveCfg = Release|Any CPU
		{6F547D0E-5D42-4AAC-97EB-F4E0FBE4E207}.Release|Any CPU.Build.0 = Release|Any CPU
		{DBFD1416-3FBA-4E1F-BD59-8EE56DFFDC27}.Debug|Any CPU.ActiveCfg = Debug|Any CPU
		{DBFD1416-3FBA-4E1F-BD59-8EE56DFFDC27}.Debug|Any CPU.Build.0 = Debug|Any CPU
		{DBFD1416-3FBA-4E1F-BD59-8EE56DFFDC27}.Release|Any CPU.ActiveCfg = Release|Any CPU
		{DBFD1416-3FBA-4E1F-BD59-8EE56DFFDC27}.Release|Any CPU.Build.0 = Release|Any CPU
		{2C967EB7-82EB-4DBF-95CC-CEF97E339144}.Debug|Any CPU.ActiveCfg = Debug|Any CPU
		{2C967EB7-82EB-4DBF-95CC-CEF97E339144}.Debug|Any CPU.Build.0 = Debug|Any CPU
		{2C967EB7-82EB-4DBF-95CC-CEF97E339144}.Release|Any CPU.ActiveCfg = Release|Any CPU
		{2C967EB7-82EB-4DBF-95CC-CEF97E339144}.Release|Any CPU.Build.0 = Release|Any CPU
		{7DEDF1B1-2932-4023-BD57-4D2E884EEE72}.Debug|Any CPU.ActiveCfg = Debug|Any CPU
		{7DEDF1B1-2932-4023-BD57-4D2E884EEE72}.Debug|Any CPU.Build.0 = Debug|Any CPU
		{7DEDF1B1-2932-4023-BD57-4D2E884EEE72}.Release|Any CPU.ActiveCfg = Release|Any CPU
		{7DEDF1B1-2932-4023-BD57-4D2E884EEE72}.Release|Any CPU.Build.0 = Release|Any CPU
	EndGlobalSection
	GlobalSection(SolutionProperties) = preSolution
		HideSolutionNode = FALSE
	EndGlobalSection
	GlobalSection(NestedProjects) = preSolution
		{B803C719-4078-4EC4-9F30-15ADF3B9252E} = {E96BD943-3B17-4729-9C14-933CE0B67BC8}
		{38BCCF18-984E-41B1-855A-FB2A189D4E1F} = {D926964D-5728-4D0C-AA2A-765DD734E2D5}
		{CE619D91-8726-48A4-AE7A-6E300691556D} = {BF2B1ACE-5EC9-44DB-BBCD-0F4E5423E0DA}
		{85ED08A9-BACF-4826-B6D4-1FDBFCDB9279} = {BF2B1ACE-5EC9-44DB-BBCD-0F4E5423E0DA}
		{6F547D0E-5D42-4AAC-97EB-F4E0FBE4E207} = {7C483943-C024-4D72-AE1E-5AFDADC92682}
		{DBFD1416-3FBA-4E1F-BD59-8EE56DFFDC27} = {7C483943-C024-4D72-AE1E-5AFDADC92682}
		{2C967EB7-82EB-4DBF-95CC-CEF97E339144} = {7C483943-C024-4D72-AE1E-5AFDADC92682}
		{7DEDF1B1-2932-4023-BD57-4D2E884EEE72} = {7C483943-C024-4D72-AE1E-5AFDADC92682}
	EndGlobalSection
	GlobalSection(ExtensibilityGlobals) = postSolution
		SolutionGuid = {942E18C0-D0C3-41A3-87D2-4474E3F15E70}
	EndGlobalSection
EndGlobal
