
Microsoft Visual Studio Solution File, Format Version 12.00
# Visual Studio Version 17
VisualStudioVersion = 17.8.34309.116
MinimumVisualStudioVersion = 10.0.40219.1
Project("{2150E333-8FDC-42A3-9474-1A3956D46DE8}") = "Libs", "Libs", "{E96BD943-3B17-4729-9C14-933CE0B67BC8}"
EndProject
Project("{9A19103F-16F7-4668-BE54-9A1E7A4F7556}") = "LinqVec", "Libs\LinqVec\LinqVec.csproj", "{B803C719-4078-4EC4-9F30-15ADF3B9252E}"
EndProject
Project("{2150E333-8FDC-42A3-9474-1A3956D46DE8}") = "Demos", "Demos", "{D926964D-5728-4D0C-AA2A-765DD734E2D5}"
EndProject
Project("{9A19103F-16F7-4668-BE54-9A1E7A4F7556}") = "LinqVecDemo", "Demos\LinqVecDemo\LinqVecDemo.csproj", "{38BCCF18-984E-41B1-855A-FB2A189D4E1F}"
EndProject
Project("{2150E333-8FDC-42A3-9474-1A3956D46DE8}") = "LibsEditors", "LibsEditors", "{BF2B1ACE-5EC9-44DB-BBCD-0F4E5423E0DA}"
EndProject
Project("{9A19103F-16F7-4668-BE54-9A1E7A4F7556}") = "PhysicsEditor", "LibsEditors\PhysicsEditor\PhysicsEditor.csproj", "{CE619D91-8726-48A4-AE7A-6E300691556D}"
EndProject
Project("{9A19103F-16F7-4668-BE54-9A1E7A4F7556}") = "VectorEditor", "LibsEditors\VectorEditor\VectorEditor.csproj", "{85ED08A9-BACF-4826-B6D4-1FDBFCDB9279}"
EndProject
Project("{2150E333-8FDC-42A3-9474-1A3956D46DE8}") = "LibsBase", "LibsBase", "{7C483943-C024-4D72-AE1E-5AFDADC92682}"
EndProject
Project("{9A19103F-16F7-4668-BE54-9A1E7A4F7556}") = "UILib", "LibsBase\UILib\UILib.csproj", "{6F547D0E-5D42-4AAC-97EB-F4E0FBE4E207}"
EndProject
Project("{9A19103F-16F7-4668-BE54-9A1E7A4F7556}") = "Geom", "LibsBase\Geom\Geom.csproj", "{2C967EB7-82EB-4DBF-95CC-CEF97E339144}"
EndProject
Project("{2150E333-8FDC-42A3-9474-1A3956D46DE8}") = "Tests", "Tests", "{A042093B-2B45-4318-B71A-038149621320}"
EndProject
Project("{9A19103F-16F7-4668-BE54-9A1E7A4F7556}") = "TestLib", "Tests\TestLib\TestLib.csproj", "{F467A1DF-838D-4974-A379-52C5C6479597}"
EndProject
Project("{2150E333-8FDC-42A3-9474-1A3956D46DE8}") = "Libs", "Libs", "{267F3577-5C57-4BBB-BC10-61DFF7DF4C33}"
EndProject
Project("{9A19103F-16F7-4668-BE54-9A1E7A4F7556}") = "LinqVec.Tests", "Tests\Libs\LinqVec.Tests\LinqVec.Tests.csproj", "{7C0223CD-F862-4587-A496-84F108DF787C}"
EndProject
Project("{9A19103F-16F7-4668-BE54-9A1E7A4F7556}") = "ReactiveVars", "LibsBase\ReactiveVars\ReactiveVars.csproj", "{945F0520-DABF-46A3-8A64-86D08FDDA291}"
EndProject
Project("{9A19103F-16F7-4668-BE54-9A1E7A4F7556}") = "PtrLib", "LibsBase\PtrLib\PtrLib.csproj", "{D7941760-F1FE-4C36-B87D-2DC98622BDD6}"
EndProject
Project("{2150E333-8FDC-42A3-9474-1A3956D46DE8}") = "LibsBase", "LibsBase", "{D5ED7C7C-AE2A-4112-925C-2FB24A5B95DC}"
EndProject
Project("{FAE04EC0-301F-11D3-BF4B-00C04F79EFBC}") = "PtrLib.Tests", "Tests\LibsBase\PtrLib.Tests\PtrLib.Tests.csproj", "{05E489A0-BC74-422D-87C1-BF95888F1AB4}"
EndProject
Project("{9A19103F-16F7-4668-BE54-9A1E7A4F7556}") = "LogLib", "LibsBase\LogLib\LogLib.csproj", "{EFA0E5D7-816F-4534-ABB5-FFCCF6DA3578}"
EndProject
Project("{2150E333-8FDC-42A3-9474-1A3956D46DE8}") = "LibsSys", "LibsSys", "{9370E109-96BF-4CA5-8A87-B7A5458EFE6A}"
EndProject
Project("{9A19103F-16F7-4668-BE54-9A1E7A4F7556}") = "1_WinAPI", "LibsSys\1_WinAPI\1_WinAPI.csproj", "{B5062DE2-5E4F-41BE-8E96-C09C40A17574}"
EndProject
Project("{9A19103F-16F7-4668-BE54-9A1E7A4F7556}") = "2_SysWinInterfaces", "LibsSys\2_SysWinInterfaces\2_SysWinInterfaces.csproj", "{12E8FEA5-6FA2-4E3D-A185-91B040AEE0D4}"
EndProject
Project("{9A19103F-16F7-4668-BE54-9A1E7A4F7556}") = "3_RenderLib", "LibsSys\3_RenderLib\3_RenderLib.csproj", "{B0F4E5CA-B349-4975-9B9B-CB9314692922}"
EndProject
Project("{9A19103F-16F7-4668-BE54-9A1E7A4F7556}") = "3_SysWinLib", "LibsSys\3_SysWinLib\3_SysWinLib.csproj", "{1582BAFE-48A3-47B7-8728-0E7B6B87B1FD}"
EndProject
Project("{9A19103F-16F7-4668-BE54-9A1E7A4F7556}") = "SimpleWinDemo", "Demos\SimpleWinDemo\SimpleWinDemo.csproj", "{9EBDCD9D-DB44-4F7F-935A-4C72E11A027E}"
EndProject
Project("{FAE04EC0-301F-11D3-BF4B-00C04F79EFBC}") = "GeomInt", "LibsBase\GeomInt\GeomInt.csproj", "{1B2B81F1-0407-42A3-A9C2-54667D34BE4A}"
EndProject
Project("{FAE04EC0-301F-11D3-BF4B-00C04F79EFBC}") = "PowTrees", "LibsBase\PowTrees\PowTrees.csproj", "{DC117DA0-06BC-4D37-820A-A72BDB70A379}"
EndProject
Project("{FAE04EC0-301F-11D3-BF4B-00C04F79EFBC}") = "LinqVecDocklessDemo", "Demos\LinqVecDocklessDemo\LinqVecDocklessDemo.csproj", "{D5A2DA47-E722-4653-821E-BE2028AEAEB7}"
EndProject
Project("{FAE04EC0-301F-11D3-BF4B-00C04F79EFBC}") = "Storybook", "Demos\Storybook\Storybook.csproj", "{5C9C92AF-06EE-46B4-99D5-0C9783CD41FD}"
EndProject
Global
	GlobalSection(SolutionConfigurationPlatforms) = preSolution
		Debug|Any CPU = Debug|Any CPU
		Release|Any CPU = Release|Any CPU
	EndGlobalSection
	GlobalSection(ProjectConfigurationPlatforms) = postSolution
		{B803C719-4078-4EC4-9F30-15ADF3B9252E}.Debug|Any CPU.ActiveCfg = Debug|Any CPU
		{B803C719-4078-4EC4-9F30-15ADF3B9252E}.Debug|Any CPU.Build.0 = Debug|Any CPU
		{B803C719-4078-4EC4-9F30-15ADF3B9252E}.Release|Any CPU.ActiveCfg = Release|Any CPU
		{B803C719-4078-4EC4-9F30-15ADF3B9252E}.Release|Any CPU.Build.0 = Release|Any CPU
		{38BCCF18-984E-41B1-855A-FB2A189D4E1F}.Debug|Any CPU.ActiveCfg = Debug|Any CPU
		{38BCCF18-984E-41B1-855A-FB2A189D4E1F}.Debug|Any CPU.Build.0 = Debug|Any CPU
		{38BCCF18-984E-41B1-855A-FB2A189D4E1F}.Release|Any CPU.ActiveCfg = Release|Any CPU
		{38BCCF18-984E-41B1-855A-FB2A189D4E1F}.Release|Any CPU.Build.0 = Release|Any CPU
		{CE619D91-8726-48A4-AE7A-6E300691556D}.Debug|Any CPU.ActiveCfg = Debug|Any CPU
		{CE619D91-8726-48A4-AE7A-6E300691556D}.Debug|Any CPU.Build.0 = Debug|Any CPU
		{CE619D91-8726-48A4-AE7A-6E300691556D}.Release|Any CPU.ActiveCfg = Release|Any CPU
		{CE619D91-8726-48A4-AE7A-6E300691556D}.Release|Any CPU.Build.0 = Release|Any CPU
		{85ED08A9-BACF-4826-B6D4-1FDBFCDB9279}.Debug|Any CPU.ActiveCfg = Debug|Any CPU
		{85ED08A9-BACF-4826-B6D4-1FDBFCDB9279}.Debug|Any CPU.Build.0 = Debug|Any CPU
		{85ED08A9-BACF-4826-B6D4-1FDBFCDB9279}.Release|Any CPU.ActiveCfg = Release|Any CPU
		{85ED08A9-BACF-4826-B6D4-1FDBFCDB9279}.Release|Any CPU.Build.0 = Release|Any CPU
		{6F547D0E-5D42-4AAC-97EB-F4E0FBE4E207}.Debug|Any CPU.ActiveCfg = Debug|Any CPU
		{6F547D0E-5D42-4AAC-97EB-F4E0FBE4E207}.Debug|Any CPU.Build.0 = Debug|Any CPU
		{6F547D0E-5D42-4AAC-97EB-F4E0FBE4E207}.Release|Any CPU.ActiveCfg = Release|Any CPU
		{6F547D0E-5D42-4AAC-97EB-F4E0FBE4E207}.Release|Any CPU.Build.0 = Release|Any CPU
		{2C967EB7-82EB-4DBF-95CC-CEF97E339144}.Debug|Any CPU.ActiveCfg = Debug|Any CPU
		{2C967EB7-82EB-4DBF-95CC-CEF97E339144}.Debug|Any CPU.Build.0 = Debug|Any CPU
		{2C967EB7-82EB-4DBF-95CC-CEF97E339144}.Release|Any CPU.ActiveCfg = Release|Any CPU
		{2C967EB7-82EB-4DBF-95CC-CEF97E339144}.Release|Any CPU.Build.0 = Release|Any CPU
		{F467A1DF-838D-4974-A379-52C5C6479597}.Debug|Any CPU.ActiveCfg = Debug|Any CPU
		{F467A1DF-838D-4974-A379-52C5C6479597}.Debug|Any CPU.Build.0 = Debug|Any CPU
		{F467A1DF-838D-4974-A379-52C5C6479597}.Release|Any CPU.ActiveCfg = Release|Any CPU
		{F467A1DF-838D-4974-A379-52C5C6479597}.Release|Any CPU.Build.0 = Release|Any CPU
		{7C0223CD-F862-4587-A496-84F108DF787C}.Debug|Any CPU.ActiveCfg = Debug|Any CPU
		{7C0223CD-F862-4587-A496-84F108DF787C}.Debug|Any CPU.Build.0 = Debug|Any CPU
		{7C0223CD-F862-4587-A496-84F108DF787C}.Release|Any CPU.ActiveCfg = Release|Any CPU
		{7C0223CD-F862-4587-A496-84F108DF787C}.Release|Any CPU.Build.0 = Release|Any CPU
		{945F0520-DABF-46A3-8A64-86D08FDDA291}.Debug|Any CPU.ActiveCfg = Debug|Any CPU
		{945F0520-DABF-46A3-8A64-86D08FDDA291}.Debug|Any CPU.Build.0 = Debug|Any CPU
		{945F0520-DABF-46A3-8A64-86D08FDDA291}.Release|Any CPU.ActiveCfg = Release|Any CPU
		{945F0520-DABF-46A3-8A64-86D08FDDA291}.Release|Any CPU.Build.0 = Release|Any CPU
		{D7941760-F1FE-4C36-B87D-2DC98622BDD6}.Debug|Any CPU.ActiveCfg = Debug|Any CPU
		{D7941760-F1FE-4C36-B87D-2DC98622BDD6}.Debug|Any CPU.Build.0 = Debug|Any CPU
		{D7941760-F1FE-4C36-B87D-2DC98622BDD6}.Release|Any CPU.ActiveCfg = Release|Any CPU
		{D7941760-F1FE-4C36-B87D-2DC98622BDD6}.Release|Any CPU.Build.0 = Release|Any CPU
		{05E489A0-BC74-422D-87C1-BF95888F1AB4}.Debug|Any CPU.ActiveCfg = Debug|Any CPU
		{05E489A0-BC74-422D-87C1-BF95888F1AB4}.Debug|Any CPU.Build.0 = Debug|Any CPU
		{05E489A0-BC74-422D-87C1-BF95888F1AB4}.Release|Any CPU.ActiveCfg = Release|Any CPU
		{05E489A0-BC74-422D-87C1-BF95888F1AB4}.Release|Any CPU.Build.0 = Release|Any CPU
		{EFA0E5D7-816F-4534-ABB5-FFCCF6DA3578}.Debug|Any CPU.ActiveCfg = Debug|Any CPU
		{EFA0E5D7-816F-4534-ABB5-FFCCF6DA3578}.Debug|Any CPU.Build.0 = Debug|Any CPU
		{EFA0E5D7-816F-4534-ABB5-FFCCF6DA3578}.Release|Any CPU.ActiveCfg = Release|Any CPU
		{EFA0E5D7-816F-4534-ABB5-FFCCF6DA3578}.Release|Any CPU.Build.0 = Release|Any CPU
		{B5062DE2-5E4F-41BE-8E96-C09C40A17574}.Debug|Any CPU.ActiveCfg = Debug|Any CPU
		{B5062DE2-5E4F-41BE-8E96-C09C40A17574}.Debug|Any CPU.Build.0 = Debug|Any CPU
		{B5062DE2-5E4F-41BE-8E96-C09C40A17574}.Release|Any CPU.ActiveCfg = Release|Any CPU
		{B5062DE2-5E4F-41BE-8E96-C09C40A17574}.Release|Any CPU.Build.0 = Release|Any CPU
		{12E8FEA5-6FA2-4E3D-A185-91B040AEE0D4}.Debug|Any CPU.ActiveCfg = Debug|Any CPU
		{12E8FEA5-6FA2-4E3D-A185-91B040AEE0D4}.Debug|Any CPU.Build.0 = Debug|Any CPU
		{12E8FEA5-6FA2-4E3D-A185-91B040AEE0D4}.Release|Any CPU.ActiveCfg = Release|Any CPU
		{12E8FEA5-6FA2-4E3D-A185-91B040AEE0D4}.Release|Any CPU.Build.0 = Release|Any CPU
		{B0F4E5CA-B349-4975-9B9B-CB9314692922}.Debug|Any CPU.ActiveCfg = Debug|Any CPU
		{B0F4E5CA-B349-4975-9B9B-CB9314692922}.Debug|Any CPU.Build.0 = Debug|Any CPU
		{B0F4E5CA-B349-4975-9B9B-CB9314692922}.Release|Any CPU.ActiveCfg = Release|Any CPU
		{B0F4E5CA-B349-4975-9B9B-CB9314692922}.Release|Any CPU.Build.0 = Release|Any CPU
		{1582BAFE-48A3-47B7-8728-0E7B6B87B1FD}.Debug|Any CPU.ActiveCfg = Debug|Any CPU
		{1582BAFE-48A3-47B7-8728-0E7B6B87B1FD}.Debug|Any CPU.Build.0 = Debug|Any CPU
		{1582BAFE-48A3-47B7-8728-0E7B6B87B1FD}.Release|Any CPU.ActiveCfg = Release|Any CPU
		{1582BAFE-48A3-47B7-8728-0E7B6B87B1FD}.Release|Any CPU.Build.0 = Release|Any CPU
		{9EBDCD9D-DB44-4F7F-935A-4C72E11A027E}.Debug|Any CPU.ActiveCfg = Debug|Any CPU
		{9EBDCD9D-DB44-4F7F-935A-4C72E11A027E}.Debug|Any CPU.Build.0 = Debug|Any CPU
		{9EBDCD9D-DB44-4F7F-935A-4C72E11A027E}.Release|Any CPU.ActiveCfg = Release|Any CPU
		{9EBDCD9D-DB44-4F7F-935A-4C72E11A027E}.Release|Any CPU.Build.0 = Release|Any CPU
		{1B2B81F1-0407-42A3-A9C2-54667D34BE4A}.Debug|Any CPU.ActiveCfg = Debug|Any CPU
		{1B2B81F1-0407-42A3-A9C2-54667D34BE4A}.Debug|Any CPU.Build.0 = Debug|Any CPU
		{1B2B81F1-0407-42A3-A9C2-54667D34BE4A}.Release|Any CPU.ActiveCfg = Release|Any CPU
		{1B2B81F1-0407-42A3-A9C2-54667D34BE4A}.Release|Any CPU.Build.0 = Release|Any CPU
		{DC117DA0-06BC-4D37-820A-A72BDB70A379}.Debug|Any CPU.ActiveCfg = Debug|Any CPU
		{DC117DA0-06BC-4D37-820A-A72BDB70A379}.Debug|Any CPU.Build.0 = Debug|Any CPU
		{DC117DA0-06BC-4D37-820A-A72BDB70A379}.Release|Any CPU.ActiveCfg = Release|Any CPU
		{DC117DA0-06BC-4D37-820A-A72BDB70A379}.Release|Any CPU.Build.0 = Release|Any CPU
		{D5A2DA47-E722-4653-821E-BE2028AEAEB7}.Debug|Any CPU.ActiveCfg = Debug|Any CPU
		{D5A2DA47-E722-4653-821E-BE2028AEAEB7}.Debug|Any CPU.Build.0 = Debug|Any CPU
		{D5A2DA47-E722-4653-821E-BE2028AEAEB7}.Release|Any CPU.ActiveCfg = Release|Any CPU
		{D5A2DA47-E722-4653-821E-BE2028AEAEB7}.Release|Any CPU.Build.0 = Release|Any CPU
		{5C9C92AF-06EE-46B4-99D5-0C9783CD41FD}.Debug|Any CPU.ActiveCfg = Debug|Any CPU
		{5C9C92AF-06EE-46B4-99D5-0C9783CD41FD}.Debug|Any CPU.Build.0 = Debug|Any CPU
		{5C9C92AF-06EE-46B4-99D5-0C9783CD41FD}.Release|Any CPU.ActiveCfg = Release|Any CPU
		{5C9C92AF-06EE-46B4-99D5-0C9783CD41FD}.Release|Any CPU.Build.0 = Release|Any CPU
	EndGlobalSection
	GlobalSection(SolutionProperties) = preSolution
		HideSolutionNode = FALSE
	EndGlobalSection
	GlobalSection(NestedProjects) = preSolution
		{B803C719-4078-4EC4-9F30-15ADF3B9252E} = {E96BD943-3B17-4729-9C14-933CE0B67BC8}
		{38BCCF18-984E-41B1-855A-FB2A189D4E1F} = {D926964D-5728-4D0C-AA2A-765DD734E2D5}
		{CE619D91-8726-48A4-AE7A-6E300691556D} = {BF2B1ACE-5EC9-44DB-BBCD-0F4E5423E0DA}
		{85ED08A9-BACF-4826-B6D4-1FDBFCDB9279} = {BF2B1ACE-5EC9-44DB-BBCD-0F4E5423E0DA}
		{6F547D0E-5D42-4AAC-97EB-F4E0FBE4E207} = {7C483943-C024-4D72-AE1E-5AFDADC92682}
		{2C967EB7-82EB-4DBF-95CC-CEF97E339144} = {7C483943-C024-4D72-AE1E-5AFDADC92682}
		{F467A1DF-838D-4974-A379-52C5C6479597} = {A042093B-2B45-4318-B71A-038149621320}
		{267F3577-5C57-4BBB-BC10-61DFF7DF4C33} = {A042093B-2B45-4318-B71A-038149621320}
		{7C0223CD-F862-4587-A496-84F108DF787C} = {267F3577-5C57-4BBB-BC10-61DFF7DF4C33}
		{945F0520-DABF-46A3-8A64-86D08FDDA291} = {7C483943-C024-4D72-AE1E-5AFDADC92682}
		{D7941760-F1FE-4C36-B87D-2DC98622BDD6} = {7C483943-C024-4D72-AE1E-5AFDADC92682}
		{D5ED7C7C-AE2A-4112-925C-2FB24A5B95DC} = {A042093B-2B45-4318-B71A-038149621320}
		{05E489A0-BC74-422D-87C1-BF95888F1AB4} = {D5ED7C7C-AE2A-4112-925C-2FB24A5B95DC}
		{EFA0E5D7-816F-4534-ABB5-FFCCF6DA3578} = {7C483943-C024-4D72-AE1E-5AFDADC92682}
		{B5062DE2-5E4F-41BE-8E96-C09C40A17574} = {9370E109-96BF-4CA5-8A87-B7A5458EFE6A}
		{12E8FEA5-6FA2-4E3D-A185-91B040AEE0D4} = {9370E109-96BF-4CA5-8A87-B7A5458EFE6A}
		{B0F4E5CA-B349-4975-9B9B-CB9314692922} = {9370E109-96BF-4CA5-8A87-B7A5458EFE6A}
		{1582BAFE-48A3-47B7-8728-0E7B6B87B1FD} = {9370E109-96BF-4CA5-8A87-B7A5458EFE6A}
		{9EBDCD9D-DB44-4F7F-935A-4C72E11A027E} = {D926964D-5728-4D0C-AA2A-765DD734E2D5}
		{1B2B81F1-0407-42A3-A9C2-54667D34BE4A} = {7C483943-C024-4D72-AE1E-5AFDADC92682}
		{DC117DA0-06BC-4D37-820A-A72BDB70A379} = {7C483943-C024-4D72-AE1E-5AFDADC92682}
		{D5A2DA47-E722-4653-821E-BE2028AEAEB7} = {D926964D-5728-4D0C-AA2A-765DD734E2D5}
		{5C9C92AF-06EE-46B4-99D5-0C9783CD41FD} = {D926964D-5728-4D0C-AA2A-765DD734E2D5}
	EndGlobalSection
	GlobalSection(ExtensibilityGlobals) = postSolution
		SolutionGuid = {942E18C0-D0C3-41A3-87D2-4474E3F15E70}
	EndGlobalSection
EndGlobal
